
Microsoft Visual Studio Solution File, Format Version 12.00
# Visual Studio Version 16
VisualStudioVersion = 16.0.29613.14
MinimumVisualStudioVersion = 10.0.40219.1
Project("{9A19103F-16F7-4668-BE54-9A1E7A4F7556}") = "XI.Portal.Web", "XI.Portal.Web\XI.Portal.Web.csproj", "{F7D3A58F-DEAF-41E1-BF0F-C4DD0BCBA5FF}"
EndProject
Project("{2150E333-8FDC-42A3-9474-1A3956D46DE8}") = "Libraries", "Libraries", "{B994E7DA-2B5D-4AB5-855F-3FAF9A2F1A48}"
EndProject
Project("{FAE04EC0-301F-11D3-BF4B-00C04F79EFBC}") = "XI.Portal.AzureTableLogging", "XI.Portal.AzureTableLogging\XI.Portal.AzureTableLogging.csproj", "{F3CFF61F-AFA6-4B4A-91C0-4D93B733A79D}"
EndProject
Global
	GlobalSection(SolutionConfigurationPlatforms) = preSolution
		Debug|Any CPU = Debug|Any CPU
		Release|Any CPU = Release|Any CPU
	EndGlobalSection
	GlobalSection(ProjectConfigurationPlatforms) = postSolution
		{F7D3A58F-DEAF-41E1-BF0F-C4DD0BCBA5FF}.Debug|Any CPU.ActiveCfg = Debug|Any CPU
		{F7D3A58F-DEAF-41E1-BF0F-C4DD0BCBA5FF}.Debug|Any CPU.Build.0 = Debug|Any CPU
		{F7D3A58F-DEAF-41E1-BF0F-C4DD0BCBA5FF}.Release|Any CPU.ActiveCfg = Release|Any CPU
		{F7D3A58F-DEAF-41E1-BF0F-C4DD0BCBA5FF}.Release|Any CPU.Build.0 = Release|Any CPU
		{F3CFF61F-AFA6-4B4A-91C0-4D93B733A79D}.Debug|Any CPU.ActiveCfg = Debug|Any CPU
		{F3CFF61F-AFA6-4B4A-91C0-4D93B733A79D}.Debug|Any CPU.Build.0 = Debug|Any CPU
		{F3CFF61F-AFA6-4B4A-91C0-4D93B733A79D}.Release|Any CPU.ActiveCfg = Release|Any CPU
		{F3CFF61F-AFA6-4B4A-91C0-4D93B733A79D}.Release|Any CPU.Build.0 = Release|Any CPU
	EndGlobalSection
	GlobalSection(SolutionProperties) = preSolution
		HideSolutionNode = FALSE
	EndGlobalSection
	GlobalSection(NestedProjects) = preSolution
		{F3CFF61F-AFA6-4B4A-91C0-4D93B733A79D} = {B994E7DA-2B5D-4AB5-855F-3FAF9A2F1A48}
	EndGlobalSection
	GlobalSection(ExtensibilityGlobals) = postSolution
		SolutionGuid = {5CB7E1E4-62E6-4D08-A0BE-143FA51C7699}
	EndGlobalSection
EndGlobal
