
Microsoft Visual Studio Solution File, Format Version 12.00
# Visual Studio Version 17
VisualStudioVersion = 17.2.32210.308
MinimumVisualStudioVersion = 10.0.40219.1
Project("{9A19103F-16F7-4668-BE54-9A1E7A4F7556}") = "XI.Portal.Web", "XI.Portal.Web\XI.Portal.Web.csproj", "{F7D3A58F-DEAF-41E1-BF0F-C4DD0BCBA5FF}"
EndProject
Project("{2150E333-8FDC-42A3-9474-1A3956D46DE8}") = "libraries", "libraries", "{B994E7DA-2B5D-4AB5-855F-3FAF9A2F1A48}"
EndProject
Project("{9A19103F-16F7-4668-BE54-9A1E7A4F7556}") = "XI.Portal.Players", "XI.Portal.Players\XI.Portal.Players.csproj", "{1E4D0D52-FFD5-4534-B051-D30FF5053D0B}"
EndProject
Project("{2150E333-8FDC-42A3-9474-1A3956D46DE8}") = "Solution Items", "Solution Items", "{6EE009C4-309F-4281-AD5D-45F8E7F524A2}"
	ProjectSection(SolutionItems) = preProject
		.editorconfig = .editorconfig
		nuget.config = nuget.config
	EndProjectSection
EndProject
Project("{2150E333-8FDC-42A3-9474-1A3956D46DE8}") = "External", "External", "{FCAB2882-2D60-47DC-86DD-11950A79CB97}"
EndProject
Project("{9A19103F-16F7-4668-BE54-9A1E7A4F7556}") = "XI.Servers", "XI.Servers\XI.Servers.csproj", "{7E2FFE1E-04A9-41E5-88EA-57A55B76376E}"
EndProject
Project("{9A19103F-16F7-4668-BE54-9A1E7A4F7556}") = "XI.Portal.FuncApp", "XI.Portal.FuncApp\XI.Portal.FuncApp.csproj", "{B8B134C4-5087-4C03-AF2D-239B767730C7}"
EndProject
Project("{9A19103F-16F7-4668-BE54-9A1E7A4F7556}") = "XI.Utilities", "XI.Utilities\XI.Utilities.csproj", "{9CAB181C-5624-4128-B77C-F16D893E4095}"
EndProject
Project("{2150E333-8FDC-42A3-9474-1A3956D46DE8}") = "function-apps", "function-apps", "{9C61BE39-0649-4034-AC6B-8F0EADCDE6FE}"
EndProject
Project("{9A19103F-16F7-4668-BE54-9A1E7A4F7556}") = "events-func", "function-apps\events-func\events-func.csproj", "{07E98821-8959-4AF7-8B5F-6CF8AFC49218}"
EndProject
Project("{2150E333-8FDC-42A3-9474-1A3956D46DE8}") = "web-apps", "web-apps", "{577FAA4D-F399-44DB-8884-98F7D09BEBC0}"
EndProject
Project("{9A19103F-16F7-4668-BE54-9A1E7A4F7556}") = "ingest-func", "function-apps\ingest-func\ingest-func.csproj", "{72EDA0CD-4ACA-4BBA-9943-9D3D4EF30406}"
EndProject
Project("{9A19103F-16F7-4668-BE54-9A1E7A4F7556}") = "repository-api-client", "libraries\repository-api-client\repository-api-client.csproj", "{4D2494F7-50EB-4C7E-9E52-D132487AA32D}"
EndProject
Project("{9A19103F-16F7-4668-BE54-9A1E7A4F7556}") = "repository-webapi", "web-apps\repository-webapi\repository-webapi.csproj", "{0D527CF9-B8AD-453A-AC4F-34B920351EFE}"
EndProject
Project("{9A19103F-16F7-4668-BE54-9A1E7A4F7556}") = "sync-func", "function-apps\sync-func\sync-func.csproj", "{AA06A5E6-ED93-481F-8CA7-6AC8E19E2071}"
EndProject
Project("{9A19103F-16F7-4668-BE54-9A1E7A4F7556}") = "repository-func", "function-apps\repository-func\repository-func.csproj", "{2F617BB4-609B-4DA8-8145-AEBEA33AD738}"
EndProject
Project("{2150E333-8FDC-42A3-9474-1A3956D46DE8}") = "abstractions", "abstractions", "{76B12390-BFC3-4599-A5F8-486AB492E3BB}"
EndProject
Project("{9A19103F-16F7-4668-BE54-9A1E7A4F7556}") = "repository-api-abstractions", "repository-api-abstractions\repository-api-abstractions.csproj", "{10568E17-7D24-472B-8954-193878F529CE}"
EndProject
Project("{2150E333-8FDC-42A3-9474-1A3956D46DE8}") = "data", "data", "{CDBA8275-BAD3-449F-9158-92AD6163C775}"
EndProject
Project("{00D1A9C2-B5F0-4AF3-8072-F6C62B433612}") = "database", "database\database.sqlproj", "{FEC9272D-DB1F-4BC2-9930-8E19606D6195}"
EndProject
Project("{9A19103F-16F7-4668-BE54-9A1E7A4F7556}") = "data-lib", "data-lib\data-lib.csproj", "{756C31D9-01FA-4170-AD36-7DAD0FADB35B}"
EndProject
Project("{9A19103F-16F7-4668-BE54-9A1E7A4F7556}") = "events-api-abstractions", "events-api-abstractions\events-api-abstractions.csproj", "{C332950F-F275-4D28-BF14-8409F0C0AF00}"
EndProject
Project("{9A19103F-16F7-4668-BE54-9A1E7A4F7556}") = "cod-demos", "libraries\cod-demos\cod-demos.csproj", "{E1C28B81-E722-4EAB-80BA-E8EB5EE2EDC4}"
EndProject
Project("{9A19103F-16F7-4668-BE54-9A1E7A4F7556}") = "servers-webapi", "web-apps\servers-webapi\servers-webapi.csproj", "{9D5BD633-92C5-47A3-99C6-B0679C374140}"
EndProject
Project("{9A19103F-16F7-4668-BE54-9A1E7A4F7556}") = "servers-api-abstractions", "servers-api-abstractions\servers-api-abstractions.csproj", "{54C9F2DF-AFF9-4506-AB03-EBD562E3A406}"
EndProject
Project("{9A19103F-16F7-4668-BE54-9A1E7A4F7556}") = "servers-api-client", "libraries\servers-api-client\servers-api-client.csproj", "{0B991872-2799-4EB9-A9C3-758A9BF443B8}"
EndProject
Project("{9A19103F-16F7-4668-BE54-9A1E7A4F7556}") = "invision-api-client", "libraries\invision-api-client\invision-api-client.csproj", "{C45B71CC-0243-4B8A-8D61-8B321CC4BBB5}"
EndProject
Global
	GlobalSection(SolutionConfigurationPlatforms) = preSolution
		Debug|Any CPU = Debug|Any CPU
		Release|Any CPU = Release|Any CPU
	EndGlobalSection
	GlobalSection(ProjectConfigurationPlatforms) = postSolution
		{F7D3A58F-DEAF-41E1-BF0F-C4DD0BCBA5FF}.Debug|Any CPU.ActiveCfg = Debug|Any CPU
		{F7D3A58F-DEAF-41E1-BF0F-C4DD0BCBA5FF}.Debug|Any CPU.Build.0 = Debug|Any CPU
		{F7D3A58F-DEAF-41E1-BF0F-C4DD0BCBA5FF}.Release|Any CPU.ActiveCfg = Release|Any CPU
		{F7D3A58F-DEAF-41E1-BF0F-C4DD0BCBA5FF}.Release|Any CPU.Build.0 = Release|Any CPU
		{1E4D0D52-FFD5-4534-B051-D30FF5053D0B}.Debug|Any CPU.ActiveCfg = Debug|Any CPU
		{1E4D0D52-FFD5-4534-B051-D30FF5053D0B}.Debug|Any CPU.Build.0 = Debug|Any CPU
		{1E4D0D52-FFD5-4534-B051-D30FF5053D0B}.Release|Any CPU.ActiveCfg = Release|Any CPU
		{1E4D0D52-FFD5-4534-B051-D30FF5053D0B}.Release|Any CPU.Build.0 = Release|Any CPU
		{7E2FFE1E-04A9-41E5-88EA-57A55B76376E}.Debug|Any CPU.ActiveCfg = Debug|Any CPU
		{7E2FFE1E-04A9-41E5-88EA-57A55B76376E}.Debug|Any CPU.Build.0 = Debug|Any CPU
		{7E2FFE1E-04A9-41E5-88EA-57A55B76376E}.Release|Any CPU.ActiveCfg = Release|Any CPU
		{7E2FFE1E-04A9-41E5-88EA-57A55B76376E}.Release|Any CPU.Build.0 = Release|Any CPU
		{B8B134C4-5087-4C03-AF2D-239B767730C7}.Debug|Any CPU.ActiveCfg = Debug|Any CPU
		{B8B134C4-5087-4C03-AF2D-239B767730C7}.Debug|Any CPU.Build.0 = Debug|Any CPU
		{B8B134C4-5087-4C03-AF2D-239B767730C7}.Release|Any CPU.ActiveCfg = Release|Any CPU
		{B8B134C4-5087-4C03-AF2D-239B767730C7}.Release|Any CPU.Build.0 = Release|Any CPU
		{9CAB181C-5624-4128-B77C-F16D893E4095}.Debug|Any CPU.ActiveCfg = Debug|Any CPU
		{9CAB181C-5624-4128-B77C-F16D893E4095}.Debug|Any CPU.Build.0 = Debug|Any CPU
		{9CAB181C-5624-4128-B77C-F16D893E4095}.Release|Any CPU.ActiveCfg = Release|Any CPU
		{9CAB181C-5624-4128-B77C-F16D893E4095}.Release|Any CPU.Build.0 = Release|Any CPU
		{07E98821-8959-4AF7-8B5F-6CF8AFC49218}.Debug|Any CPU.ActiveCfg = Debug|Any CPU
		{07E98821-8959-4AF7-8B5F-6CF8AFC49218}.Debug|Any CPU.Build.0 = Debug|Any CPU
		{07E98821-8959-4AF7-8B5F-6CF8AFC49218}.Release|Any CPU.ActiveCfg = Release|Any CPU
		{07E98821-8959-4AF7-8B5F-6CF8AFC49218}.Release|Any CPU.Build.0 = Release|Any CPU
		{72EDA0CD-4ACA-4BBA-9943-9D3D4EF30406}.Debug|Any CPU.ActiveCfg = Debug|Any CPU
		{72EDA0CD-4ACA-4BBA-9943-9D3D4EF30406}.Debug|Any CPU.Build.0 = Debug|Any CPU
		{72EDA0CD-4ACA-4BBA-9943-9D3D4EF30406}.Release|Any CPU.ActiveCfg = Release|Any CPU
		{72EDA0CD-4ACA-4BBA-9943-9D3D4EF30406}.Release|Any CPU.Build.0 = Release|Any CPU
		{4D2494F7-50EB-4C7E-9E52-D132487AA32D}.Debug|Any CPU.ActiveCfg = Debug|Any CPU
		{4D2494F7-50EB-4C7E-9E52-D132487AA32D}.Debug|Any CPU.Build.0 = Debug|Any CPU
		{4D2494F7-50EB-4C7E-9E52-D132487AA32D}.Release|Any CPU.ActiveCfg = Release|Any CPU
		{4D2494F7-50EB-4C7E-9E52-D132487AA32D}.Release|Any CPU.Build.0 = Release|Any CPU
		{0D527CF9-B8AD-453A-AC4F-34B920351EFE}.Debug|Any CPU.ActiveCfg = Debug|Any CPU
		{0D527CF9-B8AD-453A-AC4F-34B920351EFE}.Debug|Any CPU.Build.0 = Debug|Any CPU
		{0D527CF9-B8AD-453A-AC4F-34B920351EFE}.Release|Any CPU.ActiveCfg = Release|Any CPU
		{0D527CF9-B8AD-453A-AC4F-34B920351EFE}.Release|Any CPU.Build.0 = Release|Any CPU
		{AA06A5E6-ED93-481F-8CA7-6AC8E19E2071}.Debug|Any CPU.ActiveCfg = Debug|Any CPU
		{AA06A5E6-ED93-481F-8CA7-6AC8E19E2071}.Debug|Any CPU.Build.0 = Debug|Any CPU
		{AA06A5E6-ED93-481F-8CA7-6AC8E19E2071}.Release|Any CPU.ActiveCfg = Release|Any CPU
		{AA06A5E6-ED93-481F-8CA7-6AC8E19E2071}.Release|Any CPU.Build.0 = Release|Any CPU
		{2F617BB4-609B-4DA8-8145-AEBEA33AD738}.Debug|Any CPU.ActiveCfg = Debug|Any CPU
		{2F617BB4-609B-4DA8-8145-AEBEA33AD738}.Debug|Any CPU.Build.0 = Debug|Any CPU
		{2F617BB4-609B-4DA8-8145-AEBEA33AD738}.Release|Any CPU.ActiveCfg = Release|Any CPU
		{2F617BB4-609B-4DA8-8145-AEBEA33AD738}.Release|Any CPU.Build.0 = Release|Any CPU
		{10568E17-7D24-472B-8954-193878F529CE}.Debug|Any CPU.ActiveCfg = Debug|Any CPU
		{10568E17-7D24-472B-8954-193878F529CE}.Debug|Any CPU.Build.0 = Debug|Any CPU
		{10568E17-7D24-472B-8954-193878F529CE}.Release|Any CPU.ActiveCfg = Release|Any CPU
		{10568E17-7D24-472B-8954-193878F529CE}.Release|Any CPU.Build.0 = Release|Any CPU
		{FEC9272D-DB1F-4BC2-9930-8E19606D6195}.Debug|Any CPU.ActiveCfg = Debug|Any CPU
		{FEC9272D-DB1F-4BC2-9930-8E19606D6195}.Debug|Any CPU.Build.0 = Debug|Any CPU
		{FEC9272D-DB1F-4BC2-9930-8E19606D6195}.Debug|Any CPU.Deploy.0 = Debug|Any CPU
		{FEC9272D-DB1F-4BC2-9930-8E19606D6195}.Release|Any CPU.ActiveCfg = Release|Any CPU
		{FEC9272D-DB1F-4BC2-9930-8E19606D6195}.Release|Any CPU.Build.0 = Release|Any CPU
		{FEC9272D-DB1F-4BC2-9930-8E19606D6195}.Release|Any CPU.Deploy.0 = Release|Any CPU
		{756C31D9-01FA-4170-AD36-7DAD0FADB35B}.Debug|Any CPU.ActiveCfg = Debug|Any CPU
		{756C31D9-01FA-4170-AD36-7DAD0FADB35B}.Debug|Any CPU.Build.0 = Debug|Any CPU
		{756C31D9-01FA-4170-AD36-7DAD0FADB35B}.Release|Any CPU.ActiveCfg = Release|Any CPU
		{756C31D9-01FA-4170-AD36-7DAD0FADB35B}.Release|Any CPU.Build.0 = Release|Any CPU
		{C332950F-F275-4D28-BF14-8409F0C0AF00}.Debug|Any CPU.ActiveCfg = Debug|Any CPU
		{C332950F-F275-4D28-BF14-8409F0C0AF00}.Debug|Any CPU.Build.0 = Debug|Any CPU
		{C332950F-F275-4D28-BF14-8409F0C0AF00}.Release|Any CPU.ActiveCfg = Release|Any CPU
		{C332950F-F275-4D28-BF14-8409F0C0AF00}.Release|Any CPU.Build.0 = Release|Any CPU
		{E1C28B81-E722-4EAB-80BA-E8EB5EE2EDC4}.Debug|Any CPU.ActiveCfg = Debug|Any CPU
		{E1C28B81-E722-4EAB-80BA-E8EB5EE2EDC4}.Debug|Any CPU.Build.0 = Debug|Any CPU
		{E1C28B81-E722-4EAB-80BA-E8EB5EE2EDC4}.Release|Any CPU.ActiveCfg = Release|Any CPU
		{E1C28B81-E722-4EAB-80BA-E8EB5EE2EDC4}.Release|Any CPU.Build.0 = Release|Any CPU
		{9D5BD633-92C5-47A3-99C6-B0679C374140}.Debug|Any CPU.ActiveCfg = Debug|Any CPU
		{9D5BD633-92C5-47A3-99C6-B0679C374140}.Debug|Any CPU.Build.0 = Debug|Any CPU
		{9D5BD633-92C5-47A3-99C6-B0679C374140}.Release|Any CPU.ActiveCfg = Release|Any CPU
		{9D5BD633-92C5-47A3-99C6-B0679C374140}.Release|Any CPU.Build.0 = Release|Any CPU
		{54C9F2DF-AFF9-4506-AB03-EBD562E3A406}.Debug|Any CPU.ActiveCfg = Debug|Any CPU
		{54C9F2DF-AFF9-4506-AB03-EBD562E3A406}.Debug|Any CPU.Build.0 = Debug|Any CPU
		{54C9F2DF-AFF9-4506-AB03-EBD562E3A406}.Release|Any CPU.ActiveCfg = Release|Any CPU
		{54C9F2DF-AFF9-4506-AB03-EBD562E3A406}.Release|Any CPU.Build.0 = Release|Any CPU
		{0B991872-2799-4EB9-A9C3-758A9BF443B8}.Debug|Any CPU.ActiveCfg = Debug|Any CPU
		{0B991872-2799-4EB9-A9C3-758A9BF443B8}.Debug|Any CPU.Build.0 = Debug|Any CPU
		{0B991872-2799-4EB9-A9C3-758A9BF443B8}.Release|Any CPU.ActiveCfg = Release|Any CPU
		{0B991872-2799-4EB9-A9C3-758A9BF443B8}.Release|Any CPU.Build.0 = Release|Any CPU
		{C45B71CC-0243-4B8A-8D61-8B321CC4BBB5}.Debug|Any CPU.ActiveCfg = Debug|Any CPU
		{C45B71CC-0243-4B8A-8D61-8B321CC4BBB5}.Debug|Any CPU.Build.0 = Debug|Any CPU
		{C45B71CC-0243-4B8A-8D61-8B321CC4BBB5}.Release|Any CPU.ActiveCfg = Release|Any CPU
		{C45B71CC-0243-4B8A-8D61-8B321CC4BBB5}.Release|Any CPU.Build.0 = Release|Any CPU
	EndGlobalSection
	GlobalSection(SolutionProperties) = preSolution
		HideSolutionNode = FALSE
	EndGlobalSection
	GlobalSection(NestedProjects) = preSolution
		{1E4D0D52-FFD5-4534-B051-D30FF5053D0B} = {B994E7DA-2B5D-4AB5-855F-3FAF9A2F1A48}
		{7E2FFE1E-04A9-41E5-88EA-57A55B76376E} = {FCAB2882-2D60-47DC-86DD-11950A79CB97}
		{9CAB181C-5624-4128-B77C-F16D893E4095} = {FCAB2882-2D60-47DC-86DD-11950A79CB97}
		{07E98821-8959-4AF7-8B5F-6CF8AFC49218} = {9C61BE39-0649-4034-AC6B-8F0EADCDE6FE}
		{72EDA0CD-4ACA-4BBA-9943-9D3D4EF30406} = {9C61BE39-0649-4034-AC6B-8F0EADCDE6FE}
		{4D2494F7-50EB-4C7E-9E52-D132487AA32D} = {B994E7DA-2B5D-4AB5-855F-3FAF9A2F1A48}
		{0D527CF9-B8AD-453A-AC4F-34B920351EFE} = {577FAA4D-F399-44DB-8884-98F7D09BEBC0}
		{AA06A5E6-ED93-481F-8CA7-6AC8E19E2071} = {9C61BE39-0649-4034-AC6B-8F0EADCDE6FE}
		{2F617BB4-609B-4DA8-8145-AEBEA33AD738} = {9C61BE39-0649-4034-AC6B-8F0EADCDE6FE}
		{10568E17-7D24-472B-8954-193878F529CE} = {76B12390-BFC3-4599-A5F8-486AB492E3BB}
		{FEC9272D-DB1F-4BC2-9930-8E19606D6195} = {CDBA8275-BAD3-449F-9158-92AD6163C775}
		{756C31D9-01FA-4170-AD36-7DAD0FADB35B} = {CDBA8275-BAD3-449F-9158-92AD6163C775}
		{C332950F-F275-4D28-BF14-8409F0C0AF00} = {76B12390-BFC3-4599-A5F8-486AB492E3BB}
		{E1C28B81-E722-4EAB-80BA-E8EB5EE2EDC4} = {B994E7DA-2B5D-4AB5-855F-3FAF9A2F1A48}
		{9D5BD633-92C5-47A3-99C6-B0679C374140} = {577FAA4D-F399-44DB-8884-98F7D09BEBC0}
		{54C9F2DF-AFF9-4506-AB03-EBD562E3A406} = {76B12390-BFC3-4599-A5F8-486AB492E3BB}
		{0B991872-2799-4EB9-A9C3-758A9BF443B8} = {B994E7DA-2B5D-4AB5-855F-3FAF9A2F1A48}
		{C45B71CC-0243-4B8A-8D61-8B321CC4BBB5} = {B994E7DA-2B5D-4AB5-855F-3FAF9A2F1A48}
	EndGlobalSection
	GlobalSection(ExtensibilityGlobals) = postSolution
		SolutionGuid = {5CB7E1E4-62E6-4D08-A0BE-143FA51C7699}
	EndGlobalSection
EndGlobal
